
Microsoft Visual Studio Solution File, Format Version 12.00
# Visual Studio Version 17
VisualStudioVersion = 17.5.002.0
MinimumVisualStudioVersion = 10.0.40219.1
Project("{9A19103F-16F7-4668-BE54-9A1E7A4F7556}") = "jobayer-alam-24-Abstraction_Implementation", "jobayer-alam-24-Abstraction_Implementation.csproj", "{68382ABA-8C17-42F4-9D30-AA072A4E7BC1}"
EndProject
Global
	GlobalSection(SolutionConfigurationPlatforms) = preSolution
		Debug|Any CPU = Debug|Any CPU
		Release|Any CPU = Release|Any CPU
	EndGlobalSection
	GlobalSection(ProjectConfigurationPlatforms) = postSolution
		{68382ABA-8C17-42F4-9D30-AA072A4E7BC1}.Debug|Any CPU.ActiveCfg = Debug|Any CPU
		{68382ABA-8C17-42F4-9D30-AA072A4E7BC1}.Debug|Any CPU.Build.0 = Debug|Any CPU
		{68382ABA-8C17-42F4-9D30-AA072A4E7BC1}.Release|Any CPU.ActiveCfg = Release|Any CPU
		{68382ABA-8C17-42F4-9D30-AA072A4E7BC1}.Release|Any CPU.Build.0 = Release|Any CPU
	EndGlobalSection
	GlobalSection(SolutionProperties) = preSolution
		HideSolutionNode = FALSE
	EndGlobalSection
	GlobalSection(ExtensibilityGlobals) = postSolution
		SolutionGuid = {E026DF7D-11FB-4750-B370-4DD521309813}
	EndGlobalSection
EndGlobal
